
Microsoft Visual Studio Solution File, Format Version 12.00
# Visual Studio Version 16
VisualStudioVersion = 16.0.30523.141
MinimumVisualStudioVersion = 10.0.40219.1
Project("{FAE04EC0-301F-11D3-BF4B-00C04F79EFBC}") = "Demo1", "Demo1\Demo1.csproj", "{20132838-0E9F-47F5-AD2A-4DAE1775D8E2}"
EndProject
Global
	GlobalSection(SolutionConfigurationPlatforms) = preSolution
		Debug|Any CPU = Debug|Any CPU
		Release|Any CPU = Release|Any CPU
	EndGlobalSection
	GlobalSection(ProjectConfigurationPlatforms) = postSolution
		{20132838-0E9F-47F5-AD2A-4DAE1775D8E2}.Debug|Any CPU.ActiveCfg = Debug|Any CPU
		{20132838-0E9F-47F5-AD2A-4DAE1775D8E2}.Debug|Any CPU.Build.0 = Debug|Any CPU
		{20132838-0E9F-47F5-AD2A-4DAE1775D8E2}.Release|Any CPU.ActiveCfg = Release|Any CPU
		{20132838-0E9F-47F5-AD2A-4DAE1775D8E2}.Release|Any CPU.Build.0 = Release|Any CPU
	EndGlobalSection
	GlobalSection(SolutionProperties) = preSolution
		HideSolutionNode = FALSE
	EndGlobalSection
	GlobalSection(ExtensibilityGlobals) = postSolution
		SolutionGuid = {CC41EEAE-142A-4E19-9D81-4A97B7F90EA7}
	EndGlobalSection
EndGlobal
